PODS:
  - Flutter (1.0.0)
  - flutter_lala_share (0.0.1):
    - Flutter

DEPENDENCIES:
  - Flutter (from `Flutter`)
  - flutter_lala_share (from `.symlinks/plugins/flutter_lala_share/ios`)

EXTERNAL SOURCES:
  Flutter:
    :path: Flutter
  flutter_lala_share:
    :path: ".symlinks/plugins/flutter_lala_share/ios"

SPEC CHECKSUMS:
  Flutter: 0e3d915762c693b495b44d77113d4970485de6ec
  flutter_lala_share: 4f43ba10eeba07cb13e42c5774137135a370d5b9

PODFILE CHECKSUM: c34e2287a9ccaa606aeceab922830efb9a6ff69a

COCOAPODS: 1.9.3
